{
  "name": "vnu-in-batch",
  "version": "1.0.0",
  "lockfileVersion": 1,
  "requires": true,
  "dependencies": {
    "vnu-jar": {
      "version": "18.8.29",
      "resolved": "https://registry.npmjs.org/vnu-jar/-/vnu-jar-18.8.29.tgz",
      "integrity": "sha512-8/A74OGQs9hUu+3t2qJkcG3CVRO1Pzm6gWQCHbtGiBaOGn9OOr0NXQ9yDQhFV7yDsgxBrPsP29hmn5p3dx9SsQ=="
    }
  }
}
